
Microsoft Visual Studio Solution File, Format Version 12.00
# Visual Studio Version 17
VisualStudioVersion = 17.2.32616.157
MinimumVisualStudioVersion = 10.0.40219.1
Project("{9A19103F-16F7-4668-BE54-9A1E7A4F7556}") = "ParserLibrary", "ParserLibrary\ParserLibrary.csproj", "{EBDA5ECB-45BA-4B39-91C7-A570E6162911}"
EndProject
Project("{9A19103F-16F7-4668-BE54-9A1E7A4F7556}") = "ParserUnitTests", "ParserUnitTests\ParserUnitTests.csproj", "{F068A659-3810-4CC8-BBFA-69F5E87A9E44}"
EndProject
Project("{FAE04EC0-301F-11D3-BF4B-00C04F79EFBC}") = "ParserNugetTests", "ParserNugetTests\ParserNugetTests.csproj", "{6960DFA0-BFA4-4B86-A43B-98DC8352BB29}"
EndProject
Project("{FAE04EC0-301F-11D3-BF4B-00C04F79EFBC}") = "ParserTests.Common", "ParserTests.Common\ParserTests.Common.csproj", "{376F38F6-614B-473B-9B0F-23F544449B0B}"
EndProject
Project("{FAE04EC0-301F-11D3-BF4B-00C04F79EFBC}") = "ParserTests", "ParserTests\ParserTests.csproj", "{13CADF19-2BA8-88CC-282A-CF4BE5BEBA80}"
EndProject
Global
	GlobalSection(SolutionConfigurationPlatforms) = preSolution
		Debug|Any CPU = Debug|Any CPU
		Release|Any CPU = Release|Any CPU
	EndGlobalSection
	GlobalSection(ProjectConfigurationPlatforms) = postSolution
		{EBDA5ECB-45BA-4B39-91C7-A570E6162911}.Debug|Any CPU.ActiveCfg = Debug|Any CPU
		{EBDA5ECB-45BA-4B39-91C7-A570E6162911}.Debug|Any CPU.Build.0 = Debug|Any CPU
		{EBDA5ECB-45BA-4B39-91C7-A570E6162911}.Release|Any CPU.ActiveCfg = Release|Any CPU
		{EBDA5ECB-45BA-4B39-91C7-A570E6162911}.Release|Any CPU.Build.0 = Release|Any CPU
		{F068A659-3810-4CC8-BBFA-69F5E87A9E44}.Debug|Any CPU.ActiveCfg = Debug|Any CPU
		{F068A659-3810-4CC8-BBFA-69F5E87A9E44}.Debug|Any CPU.Build.0 = Debug|Any CPU
		{F068A659-3810-4CC8-BBFA-69F5E87A9E44}.Release|Any CPU.ActiveCfg = Release|Any CPU
		{F068A659-3810-4CC8-BBFA-69F5E87A9E44}.Release|Any CPU.Build.0 = Release|Any CPU
		{6960DFA0-BFA4-4B86-A43B-98DC8352BB29}.Debug|Any CPU.ActiveCfg = Debug|Any CPU
		{6960DFA0-BFA4-4B86-A43B-98DC8352BB29}.Debug|Any CPU.Build.0 = Debug|Any CPU
		{6960DFA0-BFA4-4B86-A43B-98DC8352BB29}.Release|Any CPU.ActiveCfg = Release|Any CPU
		{6960DFA0-BFA4-4B86-A43B-98DC8352BB29}.Release|Any CPU.Build.0 = Release|Any CPU
		{376F38F6-614B-473B-9B0F-23F544449B0B}.Debug|Any CPU.ActiveCfg = Debug|Any CPU
		{376F38F6-614B-473B-9B0F-23F544449B0B}.Debug|Any CPU.Build.0 = Debug|Any CPU
		{376F38F6-614B-473B-9B0F-23F544449B0B}.Release|Any CPU.ActiveCfg = Release|Any CPU
		{376F38F6-614B-473B-9B0F-23F544449B0B}.Release|Any CPU.Build.0 = Release|Any CPU
		{13CADF19-2BA8-88CC-282A-CF4BE5BEBA80}.Debug|Any CPU.ActiveCfg = Debug|Any CPU
		{13CADF19-2BA8-88CC-282A-CF4BE5BEBA80}.Debug|Any CPU.Build.0 = Debug|Any CPU
		{13CADF19-2BA8-88CC-282A-CF4BE5BEBA80}.Release|Any CPU.ActiveCfg = Release|Any CPU
		{13CADF19-2BA8-88CC-282A-CF4BE5BEBA80}.Release|Any CPU.Build.0 = Release|Any CPU
	EndGlobalSection
	GlobalSection(SolutionProperties) = preSolution
		HideSolutionNode = FALSE
	EndGlobalSection
	GlobalSection(ExtensibilityGlobals) = postSolution
		SolutionGuid = {E2EB2260-9604-4C79-9C20-5C59792C39DF}
	EndGlobalSection
EndGlobal
